
Microsoft Visual Studio Solution File, Format Version 12.00
# Visual Studio 15
VisualStudioVersion = 15.0.27428.2037
MinimumVisualStudioVersion = 10.0.40219.1
Project("{FAE04EC0-301F-11D3-BF4B-00C04F79EFBC}") = "DoggaLogg.Android", "DoggaLogg\DoggaLogg.Android\DoggaLogg.Android.csproj", "{DCF884B8-3F6A-468C-812E-A6CBDFB2FA82}"
EndProject
Project("{FAE04EC0-301F-11D3-BF4B-00C04F79EFBC}") = "DoggaLogg.iOS", "DoggaLogg\DoggaLogg.iOS\DoggaLogg.iOS.csproj", "{62F9B31E-C987-4122-8CD7-63C966537094}"
EndProject
Project("{FAE04EC0-301F-11D3-BF4B-00C04F79EFBC}") = "DoggaLogg.UWP", "DoggaLogg\DoggaLogg.UWP\DoggaLogg.UWP.csproj", "{AE66F57E-C762-474C-B2F8-BE8BC8DB2FBB}"
EndProject
Project("{D954291E-2A0B-460D-934E-DC6B0785DB48}") = "DoggaLogg", "DoggaLogg\DoggaLogg\DoggaLogg.shproj", "{D293D5B7-B723-4954-B5A4-B98407A0EC3C}"
EndProject
Global
	GlobalSection(SharedMSBuildProjectFiles) = preSolution
		DoggaLogg\DoggaLogg\DoggaLogg.projitems*{62f9b31e-c987-4122-8cd7-63c966537094}*SharedItemsImports = 4
		DoggaLogg\DoggaLogg\DoggaLogg.projitems*{ae66f57e-c762-474c-b2f8-be8bc8db2fbb}*SharedItemsImports = 4
		DoggaLogg\DoggaLogg\DoggaLogg.projitems*{d293d5b7-b723-4954-b5a4-b98407a0ec3c}*SharedItemsImports = 13
		DoggaLogg\DoggaLogg\DoggaLogg.projitems*{dcf884b8-3f6a-468c-812e-a6cbdfb2fa82}*SharedItemsImports = 4
	EndGlobalSection
	GlobalSection(SolutionConfigurationPlatforms) = preSolution
		Ad-Hoc|Any CPU = Ad-Hoc|Any CPU
		Ad-Hoc|ARM = Ad-Hoc|ARM
		Ad-Hoc|iPhone = Ad-Hoc|iPhone
		Ad-Hoc|iPhoneSimulator = Ad-Hoc|iPhoneSimulator
		Ad-Hoc|x64 = Ad-Hoc|x64
		Ad-Hoc|x86 = Ad-Hoc|x86
		AppStore|Any CPU = AppStore|Any CPU
		AppStore|ARM = AppStore|ARM
		AppStore|iPhone = AppStore|iPhone
		AppStore|iPhoneSimulator = AppStore|iPhoneSimulator
		AppStore|x64 = AppStore|x64
		AppStore|x86 = AppStore|x86
		Debug|Any CPU = Debug|Any CPU
		Debug|ARM = Debug|ARM
		Debug|iPhone = Debug|iPhone
		Debug|iPhoneSimulator = Debug|iPhoneSimulator
		Debug|x64 = Debug|x64
		Debug|x86 = Debug|x86
		Release|Any CPU = Release|Any CPU
		Release|ARM = Release|ARM
		Release|iPhone = Release|iPhone
		Release|iPhoneSimulator = Release|iPhoneSimulator
		Release|x64 = Release|x64
		Release|x86 = Release|x86
	EndGlobalSection
	GlobalSection(ProjectConfigurationPlatforms) = postSolution
		{DCF884B8-3F6A-468C-812E-A6CBDFB2FA82}.Ad-Hoc|Any CPU.ActiveCfg = Release|Any CPU
		{DCF884B8-3F6A-468C-812E-A6CBDFB2FA82}.Ad-Hoc|Any CPU.Build.0 = Release|Any CPU
		{DCF884B8-3F6A-468C-812E-A6CBDFB2FA82}.Ad-Hoc|Any CPU.Deploy.0 = Release|Any CPU
		{DCF884B8-3F6A-468C-812E-A6CBDFB2FA82}.Ad-Hoc|ARM.ActiveCfg = Release|Any CPU
		{DCF884B8-3F6A-468C-812E-A6CBDFB2FA82}.Ad-Hoc|ARM.Build.0 = Release|Any CPU
		{DCF884B8-3F6A-468C-812E-A6CBDFB2FA82}.Ad-Hoc|ARM.Deploy.0 = Release|Any CPU
		{DCF884B8-3F6A-468C-812E-A6CBDFB2FA82}.Ad-Hoc|iPhone.ActiveCfg = Release|Any CPU
		{DCF884B8-3F6A-468C-812E-A6CBDFB2FA82}.Ad-Hoc|iPhone.Build.0 = Release|Any CPU
		{DCF884B8-3F6A-468C-812E-A6CBDFB2FA82}.Ad-Hoc|iPhone.Deploy.0 = Release|Any CPU
		{DCF884B8-3F6A-468C-812E-A6CBDFB2FA82}.Ad-Hoc|iPhoneSimulator.ActiveCfg = Release|Any CPU
		{DCF884B8-3F6A-468C-812E-A6CBDFB2FA82}.Ad-Hoc|iPhoneSimulator.Build.0 = Release|Any CPU
		{DCF884B8-3F6A-468C-812E-A6CBDFB2FA82}.Ad-Hoc|iPhoneSimulator.Deploy.0 = Release|Any CPU
		{DCF884B8-3F6A-468C-812E-A6CBDFB2FA82}.Ad-Hoc|x64.ActiveCfg = Release|Any CPU
		{DCF884B8-3F6A-468C-812E-A6CBDFB2FA82}.Ad-Hoc|x64.Build.0 = Release|Any CPU
		{DCF884B8-3F6A-468C-812E-A6CBDFB2FA82}.Ad-Hoc|x64.Deploy.0 = Release|Any CPU
		{DCF884B8-3F6A-468C-812E-A6CBDFB2FA82}.Ad-Hoc|x86.ActiveCfg = Release|Any CPU
		{DCF884B8-3F6A-468C-812E-A6CBDFB2FA82}.Ad-Hoc|x86.Build.0 = Release|Any CPU
		{DCF884B8-3F6A-468C-812E-A6CBDFB2FA82}.Ad-Hoc|x86.Deploy.0 = Release|Any CPU
		{DCF884B8-3F6A-468C-812E-A6CBDFB2FA82}.AppStore|Any CPU.ActiveCfg = Release|Any CPU
		{DCF884B8-3F6A-468C-812E-A6CBDFB2FA82}.AppStore|Any CPU.Build.0 = Release|Any CPU
		{DCF884B8-3F6A-468C-812E-A6CBDFB2FA82}.AppStore|Any CPU.Deploy.0 = Release|Any CPU
		{DCF884B8-3F6A-468C-812E-A6CBDFB2FA82}.AppStore|ARM.ActiveCfg = Release|Any CPU
		{DCF884B8-3F6A-468C-812E-A6CBDFB2FA82}.AppStore|ARM.Build.0 = Release|Any CPU
		{DCF884B8-3F6A-468C-812E-A6CBDFB2FA82}.AppStore|ARM.Deploy.0 = Release|Any CPU
		{DCF884B8-3F6A-468C-812E-A6CBDFB2FA82}.AppStore|iPhone.ActiveCfg = Release|Any CPU
		{DCF884B8-3F6A-468C-812E-A6CBDFB2FA82}.AppStore|iPhone.Build.0 = Release|Any CPU
		{DCF884B8-3F6A-468C-812E-A6CBDFB2FA82}.AppStore|iPhone.Deploy.0 = Release|Any CPU
		{DCF884B8-3F6A-468C-812E-A6CBDFB2FA82}.AppStore|iPhoneSimulator.ActiveCfg = Release|Any CPU
		{DCF884B8-3F6A-468C-812E-A6CBDFB2FA82}.AppStore|iPhoneSimulator.Build.0 = Release|Any CPU
		{DCF884B8-3F6A-468C-812E-A6CBDFB2FA82}.AppStore|iPhoneSimulator.Deploy.0 = Release|Any CPU
		{DCF884B8-3F6A-468C-812E-A6CBDFB2FA82}.AppStore|x64.ActiveCfg = Release|Any CPU
		{DCF884B8-3F6A-468C-812E-A6CBDFB2FA82}.AppStore|x64.Build.0 = Release|Any CPU
		{DCF884B8-3F6A-468C-812E-A6CBDFB2FA82}.AppStore|x64.Deploy.0 = Release|Any CPU
		{DCF884B8-3F6A-468C-812E-A6CBDFB2FA82}.AppStore|x86.ActiveCfg = Release|Any CPU
		{DCF884B8-3F6A-468C-812E-A6CBDFB2FA82}.AppStore|x86.Build.0 = Release|Any CPU
		{DCF884B8-3F6A-468C-812E-A6CBDFB2FA82}.AppStore|x86.Deploy.0 = Release|Any CPU
		{DCF884B8-3F6A-468C-812E-A6CBDFB2FA82}.Debug|Any CPU.ActiveCfg = Debug|Any CPU
		{DCF884B8-3F6A-468C-812E-A6CBDFB2FA82}.Debug|Any CPU.Build.0 = Debug|Any CPU
		{DCF884B8-3F6A-468C-812E-A6CBDFB2FA82}.Debug|Any CPU.Deploy.0 = Debug|Any CPU
		{DCF884B8-3F6A-468C-812E-A6CBDFB2FA82}.Debug|ARM.ActiveCfg = Debug|Any CPU
		{DCF884B8-3F6A-468C-812E-A6CBDFB2FA82}.Debug|ARM.Build.0 = Debug|Any CPU
		{DCF884B8-3F6A-468C-812E-A6CBDFB2FA82}.Debug|ARM.Deploy.0 = Debug|Any CPU
		{DCF884B8-3F6A-468C-812E-A6CBDFB2FA82}.Debug|iPhone.ActiveCfg = Debug|Any CPU
		{DCF884B8-3F6A-468C-812E-A6CBDFB2FA82}.Debug|iPhone.Build.0 = Debug|Any CPU
		{DCF884B8-3F6A-468C-812E-A6CBDFB2FA82}.Debug|iPhone.Deploy.0 = Debug|Any CPU
		{DCF884B8-3F6A-468C-812E-A6CBDFB2FA82}.Debug|iPhoneSimulator.ActiveCfg = Debug|Any CPU
		{DCF884B8-3F6A-468C-812E-A6CBDFB2FA82}.Debug|iPhoneSimulator.Build.0 = Debug|Any CPU
		{DCF884B8-3F6A-468C-812E-A6CBDFB2FA82}.Debug|iPhoneSimulator.Deploy.0 = Debug|Any CPU
		{DCF884B8-3F6A-468C-812E-A6CBDFB2FA82}.Debug|x64.ActiveCfg = Debug|Any CPU
		{DCF884B8-3F6A-468C-812E-A6CBDFB2FA82}.Debug|x64.Build.0 = Debug|Any CPU
		{DCF884B8-3F6A-468C-812E-A6CBDFB2FA82}.Debug|x64.Deploy.0 = Debug|Any CPU
		{DCF884B8-3F6A-468C-812E-A6CBDFB2FA82}.Debug|x86.ActiveCfg = Debug|Any CPU
		{DCF884B8-3F6A-468C-812E-A6CBDFB2FA82}.Debug|x86.Build.0 = Debug|Any CPU
		{DCF884B8-3F6A-468C-812E-A6CBDFB2FA82}.Debug|x86.Deploy.0 = Debug|Any CPU
		{DCF884B8-3F6A-468C-812E-A6CBDFB2FA82}.Release|Any CPU.ActiveCfg = Release|Any CPU
		{DCF884B8-3F6A-468C-812E-A6CBDFB2FA82}.Release|Any CPU.Build.0 = Release|Any CPU
		{DCF884B8-3F6A-468C-812E-A6CBDFB2FA82}.Release|Any CPU.Deploy.0 = Release|Any CPU
		{DCF884B8-3F6A-468C-812E-A6CBDFB2FA82}.Release|ARM.ActiveCfg = Release|Any CPU
		{DCF884B8-3F6A-468C-812E-A6CBDFB2FA82}.Release|ARM.Build.0 = Release|Any CPU
		{DCF884B8-3F6A-468C-812E-A6CBDFB2FA82}.Release|ARM.Deploy.0 = Release|Any CPU
		{DCF884B8-3F6A-468C-812E-A6CBDFB2FA82}.Release|iPhone.ActiveCfg = Release|Any CPU
		{DCF884B8-3F6A-468C-812E-A6CBDFB2FA82}.Release|iPhone.Build.0 = Release|Any CPU
		{DCF884B8-3F6A-468C-812E-A6CBDFB2FA82}.Release|iPhone.Deploy.0 = Release|Any CPU
		{DCF884B8-3F6A-468C-812E-A6CBDFB2FA82}.Release|iPhoneSimulator.ActiveCfg = Release|Any CPU
		{DCF884B8-3F6A-468C-812E-A6CBDFB2FA82}.Release|iPhoneSimulator.Build.0 = Release|Any CPU
		{DCF884B8-3F6A-468C-812E-A6CBDFB2FA82}.Release|iPhoneSimulator.Deploy.0 = Release|Any CPU
		{DCF884B8-3F6A-468C-812E-A6CBDFB2FA82}.Release|x64.ActiveCfg = Release|Any CPU
		{DCF884B8-3F6A-468C-812E-A6CBDFB2FA82}.Release|x64.Build.0 = Release|Any CPU
		{DCF884B8-3F6A-468C-812E-A6CBDFB2FA82}.Release|x64.Deploy.0 = Release|Any CPU
		{DCF884B8-3F6A-468C-812E-A6CBDFB2FA82}.Release|x86.ActiveCfg = Release|Any CPU
		{DCF884B8-3F6A-468C-812E-A6CBDFB2FA82}.Release|x86.Build.0 = Release|Any CPU
		{DCF884B8-3F6A-468C-812E-A6CBDFB2FA82}.Release|x86.Deploy.0 = Release|Any CPU
		{62F9B31E-C987-4122-8CD7-63C966537094}.Ad-Hoc|Any CPU.ActiveCfg = Ad-Hoc|iPhone
		{62F9B31E-C987-4122-8CD7-63C966537094}.Ad-Hoc|ARM.ActiveCfg = Ad-Hoc|iPhone
		{62F9B31E-C987-4122-8CD7-63C966537094}.Ad-Hoc|iPhone.ActiveCfg = Ad-Hoc|iPhone
		{62F9B31E-C987-4122-8CD7-63C966537094}.Ad-Hoc|iPhone.Build.0 = Ad-Hoc|iPhone
		{62F9B31E-C987-4122-8CD7-63C966537094}.Ad-Hoc|iPhoneSimulator.ActiveCfg = Ad-Hoc|iPhoneSimulator
		{62F9B31E-C987-4122-8CD7-63C966537094}.Ad-Hoc|iPhoneSimulator.Build.0 = Ad-Hoc|iPhoneSimulator
		{62F9B31E-C987-4122-8CD7-63C966537094}.Ad-Hoc|x64.ActiveCfg = Ad-Hoc|iPhone
		{62F9B31E-C987-4122-8CD7-63C966537094}.Ad-Hoc|x86.ActiveCfg = Ad-Hoc|iPhone
		{62F9B31E-C987-4122-8CD7-63C966537094}.AppStore|Any CPU.ActiveCfg = AppStore|iPhone
		{62F9B31E-C987-4122-8CD7-63C966537094}.AppStore|ARM.ActiveCfg = AppStore|iPhone
		{62F9B31E-C987-4122-8CD7-63C966537094}.AppStore|iPhone.ActiveCfg = AppStore|iPhone
		{62F9B31E-C987-4122-8CD7-63C966537094}.AppStore|iPhone.Build.0 = AppStore|iPhone
		{62F9B31E-C987-4122-8CD7-63C966537094}.AppStore|iPhoneSimulator.ActiveCfg = AppStore|iPhoneSimulator
		{62F9B31E-C987-4122-8CD7-63C966537094}.AppStore|iPhoneSimulator.Build.0 = AppStore|iPhoneSimulator
		{62F9B31E-C987-4122-8CD7-63C966537094}.AppStore|x64.ActiveCfg = AppStore|iPhone
		{62F9B31E-C987-4122-8CD7-63C966537094}.AppStore|x86.ActiveCfg = AppStore|iPhone
		{62F9B31E-C987-4122-8CD7-63C966537094}.Debug|Any CPU.ActiveCfg = Debug|iPhone
		{62F9B31E-C987-4122-8CD7-63C966537094}.Debug|ARM.ActiveCfg = Debug|iPhone
		{62F9B31E-C987-4122-8CD7-63C966537094}.Debug|iPhone.ActiveCfg = Debug|iPhone
		{62F9B31E-C987-4122-8CD7-63C966537094}.Debug|iPhone.Build.0 = Debug|iPhone
		{62F9B31E-C987-4122-8CD7-63C966537094}.Debug|iPhoneSimulator.ActiveCfg = Debug|iPhoneSimulator
		{62F9B31E-C987-4122-8CD7-63C966537094}.Debug|iPhoneSimulator.Build.0 = Debug|iPhoneSimulator
		{62F9B31E-C987-4122-8CD7-63C966537094}.Debug|x64.ActiveCfg = Debug|iPhone
		{62F9B31E-C987-4122-8CD7-63C966537094}.Debug|x86.ActiveCfg = Debug|iPhone
		{62F9B31E-C987-4122-8CD7-63C966537094}.Release|Any CPU.ActiveCfg = Release|iPhone
		{62F9B31E-C987-4122-8CD7-63C966537094}.Release|ARM.ActiveCfg = Release|iPhone
		{62F9B31E-C987-4122-8CD7-63C966537094}.Release|iPhone.ActiveCfg = Release|iPhone
		{62F9B31E-C987-4122-8CD7-63C966537094}.Release|iPhone.Build.0 = Release|iPhone
		{62F9B31E-C987-4122-8CD7-63C966537094}.Release|iPhoneSimulator.ActiveCfg = Release|iPhoneSimulator
		{62F9B31E-C987-4122-8CD7-63C966537094}.Release|iPhoneSimulator.Build.0 = Release|iPhoneSimulator
		{62F9B31E-C987-4122-8CD7-63C966537094}.Release|x64.ActiveCfg = Release|iPhone
		{62F9B31E-C987-4122-8CD7-63C966537094}.Release|x86.ActiveCfg = Release|iPhone
		{AE66F57E-C762-474C-B2F8-BE8BC8DB2FBB}.Ad-Hoc|Any CPU.ActiveCfg = Release|x86
		{AE66F57E-C762-474C-B2F8-BE8BC8DB2FBB}.Ad-Hoc|Any CPU.Build.0 = Release|x86
		{AE66F57E-C762-474C-B2F8-BE8BC8DB2FBB}.Ad-Hoc|Any CPU.Deploy.0 = Release|x86
		{AE66F57E-C762-474C-B2F8-BE8BC8DB2FBB}.Ad-Hoc|ARM.ActiveCfg = Release|ARM
		{AE66F57E-C762-474C-B2F8-BE8BC8DB2FBB}.Ad-Hoc|ARM.Build.0 = Release|ARM
		{AE66F57E-C762-474C-B2F8-BE8BC8DB2FBB}.Ad-Hoc|ARM.Deploy.0 = Release|ARM
		{AE66F57E-C762-474C-B2F8-BE8BC8DB2FBB}.Ad-Hoc|iPhone.ActiveCfg = Release|x86
		{AE66F57E-C762-474C-B2F8-BE8BC8DB2FBB}.Ad-Hoc|iPhone.Build.0 = Release|x86
		{AE66F57E-C762-474C-B2F8-BE8BC8DB2FBB}.Ad-Hoc|iPhone.Deploy.0 = Release|x86
		{AE66F57E-C762-474C-B2F8-BE8BC8DB2FBB}.Ad-Hoc|iPhoneSimulator.ActiveCfg = Release|x86
		{AE66F57E-C762-474C-B2F8-BE8BC8DB2FBB}.Ad-Hoc|iPhoneSimulator.Build.0 = Release|x86
		{AE66F57E-C762-474C-B2F8-BE8BC8DB2FBB}.Ad-Hoc|iPhoneSimulator.Deploy.0 = Release|x86
		{AE66F57E-C762-474C-B2F8-BE8BC8DB2FBB}.Ad-Hoc|x64.ActiveCfg = Release|x64
		{AE66F57E-C762-474C-B2F8-BE8BC8DB2FBB}.Ad-Hoc|x64.Build.0 = Release|x64
		{AE66F57E-C762-474C-B2F8-BE8BC8DB2FBB}.Ad-Hoc|x64.Deploy.0 = Release|x64
		{AE66F57E-C762-474C-B2F8-BE8BC8DB2FBB}.Ad-Hoc|x86.ActiveCfg = Release|x86
		{AE66F57E-C762-474C-B2F8-BE8BC8DB2FBB}.Ad-Hoc|x86.Build.0 = Release|x86
		{AE66F57E-C762-474C-B2F8-BE8BC8DB2FBB}.Ad-Hoc|x86.Deploy.0 = Release|x86
		{AE66F57E-C762-474C-B2F8-BE8BC8DB2FBB}.AppStore|Any CPU.ActiveCfg = Release|x86
		{AE66F57E-C762-474C-B2F8-BE8BC8DB2FBB}.AppStore|Any CPU.Build.0 = Release|x86
		{AE66F57E-C762-474C-B2F8-BE8BC8DB2FBB}.AppStore|Any CPU.Deploy.0 = Release|x86
		{AE66F57E-C762-474C-B2F8-BE8BC8DB2FBB}.AppStore|ARM.ActiveCfg = Release|ARM
		{AE66F57E-C762-474C-B2F8-BE8BC8DB2FBB}.AppStore|ARM.Build.0 = Release|ARM
		{AE66F57E-C762-474C-B2F8-BE8BC8DB2FBB}.AppStore|ARM.Deploy.0 = Release|ARM
		{AE66F57E-C762-474C-B2F8-BE8BC8DB2FBB}.AppStore|iPhone.ActiveCfg = Release|x86
		{AE66F57E-C762-474C-B2F8-BE8BC8DB2FBB}.AppStore|iPhone.Build.0 = Release|x86
		{AE66F57E-C762-474C-B2F8-BE8BC8DB2FBB}.AppStore|iPhone.Deploy.0 = Release|x86
		{AE66F57E-C762-474C-B2F8-BE8BC8DB2FBB}.AppStore|iPhoneSimulator.ActiveCfg = Release|x86
		{AE66F57E-C762-474C-B2F8-BE8BC8DB2FBB}.AppStore|iPhoneSimulator.Build.0 = Release|x86
		{AE66F57E-C762-474C-B2F8-BE8BC8DB2FBB}.AppStore|iPhoneSimulator.Deploy.0 = Release|x86
		{AE66F57E-C762-474C-B2F8-BE8BC8DB2FBB}.AppStore|x64.ActiveCfg = Release|x64
		{AE66F57E-C762-474C-B2F8-BE8BC8DB2FBB}.AppStore|x64.Build.0 = Release|x64
		{AE66F57E-C762-474C-B2F8-BE8BC8DB2FBB}.AppStore|x64.Deploy.0 = Release|x64
		{AE66F57E-C762-474C-B2F8-BE8BC8DB2FBB}.AppStore|x86.ActiveCfg = Release|x86
		{AE66F57E-C762-474C-B2F8-BE8BC8DB2FBB}.AppStore|x86.Build.0 = Release|x86
		{AE66F57E-C762-474C-B2F8-BE8BC8DB2FBB}.AppStore|x86.Deploy.0 = Release|x86
		{AE66F57E-C762-474C-B2F8-BE8BC8DB2FBB}.Debug|Any CPU.ActiveCfg = Debug|x86
		{AE66F57E-C762-474C-B2F8-BE8BC8DB2FBB}.Debug|ARM.ActiveCfg = Debug|ARM
		{AE66F57E-C762-474C-B2F8-BE8BC8DB2FBB}.Debug|ARM.Build.0 = Debug|ARM
		{AE66F57E-C762-474C-B2F8-BE8BC8DB2FBB}.Debug|ARM.Deploy.0 = Debug|ARM
		{AE66F57E-C762-474C-B2F8-BE8BC8DB2FBB}.Debug|iPhone.ActiveCfg = Debug|x86
		{AE66F57E-C762-474C-B2F8-BE8BC8DB2FBB}.Debug|iPhoneSimulator.ActiveCfg = Debug|x86
		{AE66F57E-C762-474C-B2F8-BE8BC8DB2FBB}.Debug|x64.ActiveCfg = Debug|x64
		{AE66F57E-C762-474C-B2F8-BE8BC8DB2FBB}.Debug|x64.Build.0 = Debug|x64
		{AE66F57E-C762-474C-B2F8-BE8BC8DB2FBB}.Debug|x64.Deploy.0 = Debug|x64
		{AE66F57E-C762-474C-B2F8-BE8BC8DB2FBB}.Debug|x86.ActiveCfg = Debug|x86
		{AE66F57E-C762-474C-B2F8-BE8BC8DB2FBB}.Debug|x86.Build.0 = Debug|x86
		{AE66F57E-C762-474C-B2F8-BE8BC8DB2FBB}.Debug|x86.Deploy.0 = Debug|x86
		{AE66F57E-C762-474C-B2F8-BE8BC8DB2FBB}.Release|Any CPU.ActiveCfg = Release|x86
		{AE66F57E-C762-474C-B2F8-BE8BC8DB2FBB}.Release|ARM.ActiveCfg = Release|ARM
		{AE66F57E-C762-474C-B2F8-BE8BC8DB2FBB}.Release|ARM.Build.0 = Release|ARM
		{AE66F57E-C762-474C-B2F8-BE8BC8DB2FBB}.Release|ARM.Deploy.0 = Release|ARM
		{AE66F57E-C762-474C-B2F8-BE8BC8DB2FBB}.Release|iPhone.ActiveCfg = Release|x86
		{AE66F57E-C762-474C-B2F8-BE8BC8DB2FBB}.Release|iPhoneSimulator.ActiveCfg = Release|x86
		{AE66F57E-C762-474C-B2F8-BE8BC8DB2FBB}.Release|x64.ActiveCfg = Release|x64
		{AE66F57E-C762-474C-B2F8-BE8BC8DB2FBB}.Release|x64.Build.0 = Release|x64
		{AE66F57E-C762-474C-B2F8-BE8BC8DB2FBB}.Release|x64.Deploy.0 = Release|x64
		{AE66F57E-C762-474C-B2F8-BE8BC8DB2FBB}.Release|x86.ActiveCfg = Release|x86
		{AE66F57E-C762-474C-B2F8-BE8BC8DB2FBB}.Release|x86.Build.0 = Release|x86
		{AE66F57E-C762-474C-B2F8-BE8BC8DB2FBB}.Release|x86.Deploy.0 = Release|x86
	EndGlobalSection
	GlobalSection(SolutionProperties) = preSolution
		HideSolutionNode = FALSE
	EndGlobalSection
	GlobalSection(ExtensibilityGlobals) = postSolution
		SolutionGuid = {086DA7AE-30C2-43A9-89D5-10DE801606AC}
	EndGlobalSection
EndGlobal
